// !$*UTF8*$!
{
	archiveVersion = 1;
	classes = {
	};
	objectVersion = 50;
	objects = {

/* Begin PBXBuildFile section */
		3A0F79C023D646DB004BA397 /* AppDelegate.swift in Sources */ = {isa = PBXBuildFile; fileRef = 3A0F79BF23D646DB004BA397 /* AppDelegate.swift */; };
		3A0F79C223D646DB004BA397 /* SceneDelegate.swift in Sources */ = {isa = PBXBuildFile; fileRef = 3A0F79C123D646DB004BA397 /* SceneDelegate.swift */; };
		3A0F79C723D646DB004BA397 /* Main.storyboard in Resources */ = {isa = PBXBuildFile; fileRef = 3A0F79C523D646DB004BA397 /* Main.storyboard */; };
		3A0F79CA23D646DB004BA397 /* Assignment2_C0749456.xcdatamodeld in Sources */ = {isa = PBXBuildFile; fileRef = 3A0F79C823D646DB004BA397 /* Assignment2_C0749456.xcdatamodeld */; };
		3A0F79CC23D646DC004BA397 /* Assets.xcassets in Resources */ = {isa = PBXBuildFile; fileRef = 3A0F79CB23D646DC004BA397 /* Assets.xcassets */; };
		3A0F79CF23D646DC004BA397 /* LaunchScreen.storyboard in Resources */ = {isa = PBXBuildFile; fileRef = 3A0F79CD23D646DC004BA397 /* LaunchScreen.storyboard */; };
		3A0F79D723D64807004BA397 /* Task.swift in Sources */ = {isa = PBXBuildFile; fileRef = 3A0F79D623D64807004BA397 /* Task.swift */; };
		3A0F79D923D64919004BA397 /* TaskTableViewController.swift in Sources */ = {isa = PBXBuildFile; fileRef = 3A0F79D823D64919004BA397 /* TaskTableViewController.swift */; };
		3A0F79DB23D64A96004BA397 /* TaskViewController.swift in Sources */ = {isa = PBXBuildFile; fileRef = 3A0F79DA23D64A96004BA397 /* TaskViewController.swift */; };
/* End PBXBuildFile section */

/* Begin PBXFileReference section */
		3A0F79BC23D646DB004BA397 /* Assignment2_C0749456.app */ = {isa = PBXFileReference; explicitFileType = wrapper.application; includeInIndex = 0; path = Assignment2_C0749456.app; sourceTree = BUILT_PRODUCTS_DIR; };
		3A0F79BF23D646DB004BA397 /* AppDelegate.swift */ = {isa = PBXFileReference; lastKnownFileType = sourcecode.swift; path = AppDelegate.swift; sourceTree = "<group>"; };
		3A0F79C123D646DB004BA397 /* SceneDelegate.swift */ = {isa = PBXFileReference; lastKnownFileType = sourcecode.swift; path = SceneDelegate.swift; sourceTree = "<group>"; };
		3A0F79C623D646DB004BA397 /* Base */ = {isa = PBXFileReference; lastKnownFileType = file.storyboard; name = Base; path = Base.lproj/Main.storyboard; sourceTree = "<group>"; };
		3A0F79C923D646DB004BA397 /* Assignment2_C0749456.xcdatamodel */ = {isa = PBXFileReference; lastKnownFileType = wrapper.xcdatamodel; path = Assignment2_C0749456.xcdatamodel; sourceTree = "<group>"; };
		3A0F79CB23D646DC004BA397 /* Assets.xcassets */ = {isa = PBXFileReference; lastKnownFileType = folder.assetcatalog; path = Assets.xcassets; sourceTree = "<group>"; };
		3A0F79CE23D646DC004BA397 /* Base */ = {isa = PBXFileReference; lastKnownFileType = file.storyboard; name = Base; path = Base.lproj/LaunchScreen.storyboard; sourceTree = "<group>"; };
		3A0F79D023D646DC004BA397 /* Info.plist */ = {isa = PBXFileReference; lastKnownFileType = text.plist.xml; path = Info.plist; sourceTree = "<group>"; };
		3A0F79D623D64807004BA397 /* Task.swift */ = {isa = PBXFileReference; lastKnownFileType = sourcecode.swift; path = Task.swift; sourceTree = "<group>"; };
		3A0F79D823D64919004BA397 /* TaskTableViewController.swift */ = {isa = PBXFileReference; lastKnownFileType = sourcecode.swift; path = TaskTableViewController.swift; sourceTree = "<group>"; };
		3A0F79DA23D64A96004BA397 /* TaskViewController.swift */ = {isa = PBXFileReference; lastKnownFileType = sourcecode.swift; path = TaskViewController.swift; sourceTree = "<group>"; };
/* End PBXFileReference section */

/* Begin PBXFrameworksBuildPhase section */
		3A0F79B923D646DB004BA397 /* Frameworks */ = {
			isa = PBXFrameworksBuildPhase;
			buildActionMask = 2147483647;
			files = (
			);
			runOnlyForDeploymentPostprocessing = 0;
		};
/* End PBXFrameworksBuildPhase section */

/* Begin PBXGroup section */
		3A0F79B323D646DB004BA397 = {
			isa = PBXGroup;
			children = (
				3A0F79BE23D646DB004BA397 /* Assignment2_C0749456 */,
				3A0F79BD23D646DB004BA397 /* Products */,
			);
			sourceTree = "<group>";
		};
		3A0F79BD23D646DB004BA397 /* Products */ = {
			isa = PBXGroup;
			children = (
				3A0F79BC23D646DB004BA397 /* Assignment2_C0749456.app */,
			);
			name = Products;
			sourceTree = "<group>";
		};
		3A0F79BE23D646DB004BA397 /* Assignment2_C0749456 */ = {
			isa = PBXGroup;
			children = (
				3A0F79BF23D646DB004BA397 /* AppDelegate.swift */,
				3A0F79C123D646DB004BA397 /* SceneDelegate.swift */,
				3A0F79C523D646DB004BA397 /* Main.storyboard */,
				3A0F79CB23D646DC004BA397 /* Assets.xcassets */,
				3A0F79CD23D646DC004BA397 /* LaunchScreen.storyboard */,
				3A0F79D023D646DC004BA397 /* Info.plist */,
				3A0F79C823D646DB004BA397 /* Assignment2_C0749456.xcdatamodeld */,
				3A0F79D623D64807004BA397 /* Task.swift */,
				3A0F79D823D64919004BA397 /* TaskTableViewController.swift */,
				3A0F79DA23D64A96004BA397 /* TaskViewController.swift */,
			);
			path = Assignment2_C0749456;
			sourceTree = "<group>";
		};
/* End PBXGroup section */

/* Begin PBXNativeTarget section */
		3A0F79BB23D646DB004BA397 /* Assignment2_C0749456 */ = {
			isa = PBXNativeTarget;
			buildConfigurationList = 3A0F79D323D646DC004BA397 /* Build configuration list for PBXNativeTarget "Assignment2_C0749456" */;
			buildPhases = (
				3A0F79B823D646DB004BA397 /* Sources */,
				3A0F79B923D646DB004BA397 /* Frameworks */,
				3A0F79BA23D646DB004BA397 /* Resources */,
			);
			buildRules = (
			);
			dependencies = (
			);
			name = Assignment2_C0749456;
			productName = Assignment2_C0749456;
			productReference = 3A0F79BC23D646DB004BA397 /* Assignment2_C0749456.app */;
			productType = "com.apple.product-type.application";
		};
/* End PBXNativeTarget section */

/* Begin PBXProject section */
		3A0F79B423D646DB004BA397 /* Project object */ = {
			isa = PBXProject;
			attributes = {
				LastSwiftUpdateCheck = 1120;
				LastUpgradeCheck = 1120;
				ORGANIZATIONNAME = meghamahna;
				TargetAttributes = {
					3A0F79BB23D646DB004BA397 = {
						CreatedOnToolsVersion = 11.2;
					};
				};
			};
			buildConfigurationList = 3A0F79B723D646DB004BA397 /* Build configuration list for PBXProject "Assignment2_C0749456" */;
			compatibilityVersion = "Xcode 9.3";
			developmentRegion = en;
			hasScannedForEncodings = 0;
			knownRegions = (
				en,
				Base,
			);
			mainGroup = 3A0F79B323D646DB004BA397;
			productRefGroup = 3A0F79BD23D646DB004BA397 /* Products */;
			projectDirPath = "";
			projectRoot = "";
			targets = (
				3A0F79BB23D646DB004BA397 /* Assignment2_C0749456 */,
			);
		};
/* End PBXProject section */

/* Begin PBXResourcesBuildPhase section */
		3A0F79BA23D646DB004BA397 /* Resources */ = {
			isa = PBXResourcesBuildPhase;
			buildActionMask = 2147483647;
			files = (
				3A0F79CF23D646DC004BA397 /* LaunchScreen.storyboard in Resources */,
				3A0F79CC23D646DC004BA397 /* Assets.xcassets in Resources */,
				3A0F79C723D646DB004BA397 /* Main.storyboard in Resources */,
			);
			runOnlyForDeploymentPostprocessing = 0;
		};
/* End PBXResourcesBuildPhase section */

/* Begin PBXSourcesBuildPhase section */
		3A0F79B823D646DB004BA397 /* Sources */ = {
			isa = PBXSourcesBuildPhase;
			buildActionMask = 2147483647;
			files = (
				3A0F79D923D64919004BA397 /* TaskTableViewController.swift in Sources */,
				3A0F79C023D646DB004BA397 /* AppDelegate.swift in Sources */,
				3A0F79D723D64807004BA397 /* Task.swift in Sources */,
				3A0F79C223D646DB004BA397 /* SceneDelegate.swift in Sources */,
				3A0F79CA23D646DB004BA397 /* Assignment2_C0749456.xcdatamodeld in Sources */,
				3A0F79DB23D64A96004BA397 /* TaskViewController.swift in Sources */,
			);
			runOnlyForDeploymentPostprocessing = 0;
		};
/* End PBXSourcesBuildPhase section */

/* Begin PBXVariantGroup section */
		3A0F79C523D646DB004BA397 /* Main.storyboard */ = {
			isa = PBXVariantGroup;
			children = (
				3A0F79C623D646DB004BA397 /* Base */,
			);
			name = Main.storyboard;
			sourceTree = "<group>";
		};
		3A0F79CD23D646DC004BA397 /* LaunchScreen.storyboard */ = {
			isa = PBXVariantGroup;
			children = (
				3A0F79CE23D646DC004BA397 /* Base */,
			);
			name = LaunchScreen.storyboard;
			sourceTree = "<group>";
		};
/* End PBXVariantGroup section */

/* Begin XCBuildConfiguration section */
		3A0F79D123D646DC004BA397 /* Debug */ = {
			isa = XCBuildConfiguration;
			buildSettings = {
				ALWAYS_SEARCH_USER_PATHS = NO;
				CLANG_ANALYZER_NONNULL = YES;
				CLANG_ANALYZER_NUMBER_OBJECT_CONVERSION = YES_AGGRESSIVE;
				CLANG_CXX_LANGUAGE_STANDARD = "gnu++14";
				CLANG_CXX_LIBRARY = "libc++";
				CLANG_ENABLE_MODULES = YES;
				CLANG_ENABLE_OBJC_ARC = YES;
				CLANG_ENABLE_OBJC_WEAK = YES;
				CLANG_WARN_BLOCK_CAPTURE_AUTORELEASING = YES;
				CLANG_WARN_BOOL_CONVERSION = YES;
				CLANG_WARN_COMMA = YES;
				CLANG_WARN_CONSTANT_CONVERSION = YES;
				CLANG_WARN_DEPRECATED_OBJC_IMPLEMENTATIONS = YES;
				CLANG_WARN_DIRECT_OBJC_ISA_USAGE = YES_ERROR;
				CLANG_WARN_DOCUMENTATION_COMMENTS = YES;
				CLANG_WARN_EMPTY_BODY = YES;
				CLANG_WARN_ENUM_CONVERSION = YES;
				CLANG_WARN_INFINITE_RECURSION = YES;
				CLANG_WARN_INT_CONVERSION = YES;
				CLANG_WARN_NON_LITERAL_NULL_CONVERSION = YES;
				CLANG_WARN_OBJC_IMPLICIT_RETAIN_SELF = YES;
				CLANG_WARN_OBJC_LITERAL_CONVERSION = YES;
				CLANG_WARN_OBJC_ROOT_CLASS = YES_ERROR;
				CLANG_WARN_RANGE_LOOP_ANALYSIS = YES;
				CLANG_WARN_STRICT_PROTOTYPES = YES;
				CLANG_WARN_SUSPICIOUS_MOVE = YES;
				CLANG_WARN_UNGUARDED_AVAILABILITY = YES_AGGRESSIVE;
				CLANG_WARN_UNREACHABLE_CODE = YES;
				CLANG_WARN__DUPLICATE_METHOD_MATCH = YES;
				COPY_PHASE_STRIP = NO;
				DEBUG_INFORMATION_FORMAT = dwarf;
				ENABLE_STRICT_OBJC_MSGSEND = YES;
				ENABLE_TESTABILITY = YES;
				GCC_C_LANGUAGE_STANDARD = gnu11;
				GCC_DYNAMIC_NO_PIC = NO;
				GCC_NO_COMMON_BLOCKS = YES;
				GCC_OPTIMIZATION_LEVEL = 0;
				GCC_PREPROCESSOR_DEFINITIONS = (
					"DEBUG=1",
					"$(inherited)",
				);
				GCC_WARN_64_TO_32_BIT_CONVERSION = YES;
				GCC_WARN_ABOUT_RETURN_TYPE = YES_ERROR;
				GCC_WARN_UNDECLARED_SELECTOR = YES;
				GCC_WARN_UNINITIALIZED_AUTOS = YES_AGGRESSIVE;
				GCC_WARN_UNUSED_FUNCTION = YES;
				GCC_WARN_UNUSED_VARIABLE = YES;
				IPHONEOS_DEPLOYMENT_TARGET = 13.2;
				MTL_ENABLE_DEBUG_INFO = INCLUDE_SOURCE;
				MTL_FAST_MATH = YES;
				ONLY_ACTIVE_ARCH = YES;
				SDKROOT = iphoneos;
				SWIFT_ACTIVE_COMPILATION_CONDITIONS = DEBUG;
				SWIFT_OPTIMIZATION_LEVEL = "-Onone";
			};
			name = Debug;
		};
		3A0F79D223D646DC004BA397 /* Release */ = {
			isa = XCBuildConfiguration;
			buildSettings = {
				ALWAYS_SEARCH_USER_PATHS = NO;
				CLANG_ANALYZER_NONNULL = YES;
				CLANG_ANALYZER_NUMBER_OBJECT_CONVERSION = YES_AGGRESSIVE;
				CLANG_CXX_LANGUAGE_STANDARD = "gnu++14";
				CLANG_CXX_LIBRARY = "libc++";
				CLANG_ENABLE_MODULES = YES;
				CLANG_ENABLE_OBJC_ARC = YES;
				CLANG_ENABLE_OBJC_WEAK = YES;
				CLANG_WARN_BLOCK_CAPTURE_AUTORELEASING = YES;
				CLANG_WARN_BOOL_CONVERSION = YES;
				CLANG_WARN_COMMA = YES;
				CLANG_WARN_CONSTANT_CONVERSION = YES;
				CLANG_WARN_DEPRECATED_OBJC_IMPLEMENTATIONS = YES;
				CLANG_WARN_DIRECT_OBJC_ISA_USAGE = YES_ERROR;
				CLANG_WARN_DOCUMENTATION_COMMENTS = YES;
				CLANG_WARN_EMPTY_BODY = YES;
				CLANG_WARN_ENUM_CONVERSION = YES;
				CLANG_WARN_INFINITE_RECURSION = YES;
				CLANG_WARN_INT_CONVERSION = YES;
				CLANG_WARN_NON_LITERAL_NULL_CONVERSION = YES;
				CLANG_WARN_OBJC_IMPLICIT_RETAIN_SELF = YES;
				CLANG_WARN_OBJC_LITERAL_CONVERSION = YES;
				CLANG_WARN_OBJC_ROOT_CLASS = YES_ERROR;
				CLANG_WARN_RANGE_LOOP_ANALYSIS = YES;
				CLANG_WARN_STRICT_PROTOTYPES = YES;
				CLANG_WARN_SUSPICIOUS_MOVE = YES;
				CLANG_WARN_UNGUARDED_AVAILABILITY = YES_AGGRESSIVE;
				CLANG_WARN_UNREACHABLE_CODE = YES;
				CLANG_WARN__DUPLICATE_METHOD_MATCH = YES;
				COPY_PHASE_STRIP = NO;
				DEBUG_INFORMATION_FORMAT = "dwarf-with-dsym";
				ENABLE_NS_ASSERTIONS = NO;
				ENABLE_STRICT_OBJC_MSGSEND = YES;
				GCC_C_LANGUAGE_STANDARD = gnu11;
				GCC_NO_COMMON_BLOCKS = YES;
				GCC_WARN_64_TO_32_BIT_CONVERSION = YES;
				GCC_WARN_ABOUT_RETURN_TYPE = YES_ERROR;
				GCC_WARN_UNDECLARED_SELECTOR = YES;
				GCC_WARN_UNINITIALIZED_AUTOS = YES_AGGRESSIVE;
				GCC_WARN_UNUSED_FUNCTION = YES;
				GCC_WARN_UNUSED_VARIABLE = YES;
				IPHONEOS_DEPLOYMENT_TARGET = 13.2;
				MTL_ENABLE_DEBUG_INFO = NO;
				MTL_FAST_MATH = YES;
				SDKROOT = iphoneos;
				SWIFT_COMPILATION_MODE = wholemodule;
				SWIFT_OPTIMIZATION_LEVEL = "-O";
				VALIDATE_PRODUCT = YES;
			};
			name = Release;
		};
		3A0F79D423D646DC004BA397 /* Debug */ = {
			isa = XCBuildConfiguration;
			buildSettings = {
				ASSETCATALOG_COMPILER_APPICON_NAME = AppIcon;
				CODE_SIGN_STYLE = Automatic;
				INFOPLIST_FILE = Assignment2_C0749456/Info.plist;
				LD_RUNPATH_SEARCH_PATHS = (
					"$(inherited)",
					"@executable_path/Frameworks",
				);
				PRODUCT_BUNDLE_IDENTIFIER = "Megha.Assignment2-C0749456";
				PRODUCT_NAME = "$(TARGET_NAME)";
				SWIFT_VERSION = 5.0;
				TARGETED_DEVICE_FAMILY = "1,2";
			};
			name = Debug;
		};
		3A0F79D523D646DC004BA397 /* Release */ = {
			isa = XCBuildConfiguration;
			buildSettings = {
				ASSETCATALOG_COMPILER_APPICON_NAME = AppIcon;
				CODE_SIGN_STYLE = Automatic;
				INFOPLIST_FILE = Assignment2_C0749456/Info.plist;
				LD_RUNPATH_SEARCH_PATHS = (
					"$(inherited)",
					"@executable_path/Frameworks",
				);
				PRODUCT_BUNDLE_IDENTIFIER = "Megha.Assignment2-C0749456";
				PRODUCT_NAME = "$(TARGET_NAME)";
				SWIFT_VERSION = 5.0;
				TARGETED_DEVICE_FAMILY = "1,2";
			};
			name = Release;
		};
/* End XCBuildConfiguration section */

/* Begin XCConfigurationList section */
		3A0F79B723D646DB004BA397 /* Build configuration list for PBXProject "Assignment2_C0749456" */ = {
			isa = XCConfigurationList;
			buildConfigurations = (
				3A0F79D123D646DC004BA397 /* Debug */,
				3A0F79D223D646DC004BA397 /* Release */,
			);
			defaultConfigurationIsVisible = 0;
			defaultConfigurationName = Release;
		};
		3A0F79D323D646DC004BA397 /* Build configuration list for PBXNativeTarget "Assignment2_C0749456" */ = {
			isa = XCConfigurationList;
			buildConfigurations = (
				3A0F79D423D646DC004BA397 /* Debug */,
				3A0F79D523D646DC004BA397 /* Release */,
			);
			defaultConfigurationIsVisible = 0;
			defaultConfigurationName = Release;
		};
/* End XCConfigurationList section */

/* Begin XCVersionGroup section */
		3A0F79C823D646DB004BA397 /* Assignment2_C0749456.xcdatamodeld */ = {
			isa = XCVersionGroup;
			children = (
				3A0F79C923D646DB004BA397 /* Assignment2_C0749456.xcdatamodel */,
			);
			currentVersion = 3A0F79C923D646DB004BA397 /* Assignment2_C0749456.xcdatamodel */;
			path = Assignment2_C0749456.xcdatamodeld;
			sourceTree = "<group>";
			versionGroupType = wrapper.xcdatamodel;
		};
/* End XCVersionGroup section */
	};
	rootObject = 3A0F79B423D646DB004BA397 /* Project object */;
}
